{
  "version": 4,
  "terraform_version": "1.14.1",
  "serial": 397,
  "lineage": "9e91025a-3680-edba-6631-b6c0b948fa23",
  "outputs": {
    "database_host_fqdn": {
      "value": "rc1b-pftaikja5ug7l4n1.mdb.yandexcloud.net",
      "type": "string"
    },
    "load_balancer_public_ip": {
      "value": "158.160.177.250",
      "type": "string"
    },
    "vm_linux_public_ip_address_1": {
      "value": "89.169.156.115",
      "type": "string"
    },
    "vm_linux_public_ip_address_2": {
      "value": "130.193.53.175",
      "type": "string"
    }
  },
  "resources": [
    {
      "mode": "managed",
      "type": "yandex_compute_instance",
      "name": "wp-app",
      "provider": "provider[\"registry.terraform.io/yandex-cloud/yandex\"]",
      "instances": [
        {
          "index_key": 0,
          "schema_version": 1,
          "attributes": {
            "allow_recreate": null,
            "allow_stopping_for_update": null,
            "boot_disk": [
              {
                "auto_delete": true,
                "device_name": "fhmifgocgcgkiegt03fq",
                "disk_id": "fhmifgocgcgkiegt03fq",
                "initialize_params": [
                  {
                    "block_size": 4096,
                    "description": "",
                    "image_id": "fd80viupr3qjr5g6g9du",
                    "kms_key_id": "",
                    "name": "",
                    "size": 3,
                    "snapshot_id": "",
                    "type": "network-hdd"
                  }
                ],
                "mode": "READ_WRITE"
              }
            ],
            "created_at": "2026-01-05T19:47:44Z",
            "description": "",
            "filesystem": [],
            "folder_id": "b1go6emkhl7hhriqqjeq",
            "fqdn": "fhmc5ila2aoum2b8j8os.auto.internal",
            "gpu_cluster_id": "",
            "hardware_generation": [
              {
                "generation2_features": [],
                "legacy_features": [
                  {
                    "pci_topology": "PCI_TOPOLOGY_V1"
                  }
                ]
              }
            ],
            "hostname": "",
            "id": "fhmc5ila2aoum2b8j8os",
            "labels": null,
            "local_disk": [],
            "maintenance_grace_period": "",
            "maintenance_policy": null,
            "metadata": {
              "ssh-keys": "ubuntu:ssh-rsa AAAAB3NzaC1yc2EAAAADAQABAAABAQCvWwhZXVwLykE/69VG59BSCJZIt92Q1QoyPbxx+WJoO9iXoGBo60ORyTtVU132TKJRPFMsfsqDDf0kRQzHP3H7uAxRbIvxVvDkNnGT0f/Guudubh61o++oc/WmrmOGtbr16gzFLEFCdcL7/M2QQmGcSdsjFdmV9cDBmZNo90bNaUZ2eksdsk7wUsKASJ9RL0rQaDwabDg/oGEhLingeZ7PBAsIvFRz1YkoalPia/evF8cv6Vh70KiuLWfaI+aFhhvb/KxMj7PClDJIwz2mnYOyG8JcVbRODKjIvILDJUCjKQSzN4twGmNP/J5T7fQhsZO4voWa7S/BHg9V0s7VU7gh",
              "user-data": "#cloud-config\npackages:\n  - nginx\n  - curl\nwrite_files:\n  - path: /var/www/html/index.html\n    content: |\n      \u003c!DOCTYPE html\u003e\n      \u003chtml\u003e\n      \u003chead\u003e\n        \u003ctitle\u003eWeb Server 1\u003c/title\u003e\n        \u003cstyle\u003e\n          body {\n            font-family: Arial, sans-serif;\n            background: linear-gradient(135deg, #667eea 0%, #764ba2 100%);\n            height: 100vh;\n            display: flex;\n            align-items: center;\n            justify-content: center;\n            color: white;\n            text-align: center;\n          }\n          .container {\n            background: rgba(255, 255, 255, 0.1);\n            padding: 40px;\n            border-radius: 20px;\n            backdrop-filter: blur(10px);\n          }\n          h1 {\n            font-size: 3em;\n            margin-bottom: 20px;\n          }\n          .info {\n            font-size: 1.2em;\n            margin: 10px 0;\n          }\n        \u003c/style\u003e\n      \u003c/head\u003e\n      \u003cbody\u003e\n        \u003cdiv class=\"container\"\u003e\n          \u003ch1\u003e Web Server 1\u003c/h1\u003e\n          \u003cdiv class=\"info\"\u003e Hostname: \u003c/div\u003e\n          \u003cdiv class=\"info\"\u003e Zone: ru-central1-a\u003c/div\u003e\n          \u003cdiv class=\"info\"\u003e Subnet: \u003c/div\u003e\n          \u003cdiv class=\"info\"\u003e Date: $(date)\u003c/div\u003e\n          \u003cdiv class=\"info\"\u003e Uptime: $(uptime -p)\u003c/div\u003e\n        \u003c/div\u003e\n      \u003c/body\u003e\n      \u003c/html\u003e\nruncmd:\n  - apt install mysql-client-core-5.7 -y\n  - systemctl enable nginx\n  - systemctl start nginx\n  - echo \"Server 1 ready!\" \u003e /var/www/server-info.txt\n"
            },
            "metadata_options": [
              {
                "aws_v1_http_endpoint": 1,
                "aws_v1_http_token": 2,
                "gce_http_endpoint": 1,
                "gce_http_token": 1
              }
            ],
            "name": "wp-app-1",
            "network_acceleration_type": "standard",
            "network_interface": [
              {
                "dns_record": [],
                "index": 0,
                "ip_address": "10.2.0.11",
                "ipv4": true,
                "ipv6": false,
                "ipv6_address": "",
                "ipv6_dns_record": [],
                "mac_address": "d0:0d:c2:ca:aa:12",
                "nat": true,
                "nat_dns_record": [],
                "nat_ip_address": "89.169.156.115",
                "nat_ip_version": "IPV4",
                "security_group_ids": null,
                "subnet_id": "e9b7iav3h9gau1qge9ol"
              }
            ],
            "placement_policy": [
              {
                "host_affinity_rules": [],
                "placement_group_id": "",
                "placement_group_partition": 0
              }
            ],
            "platform_id": "standard-v1",
            "resources": [
              {
                "core_fraction": 20,
                "cores": 2,
                "gpus": 0,
                "memory": 2
              }
            ],
            "scheduling_policy": [
              {
                "preemptible": false
              }
            ],
            "secondary_disk": [],
            "service_account_id": "",
            "status": "running",
            "timeouts": null,
            "zone": "ru-central1-a"
          },
          "sensitive_attributes": [],
          "identity_schema_version": 0,
          "private": "eyJlMmJmYjczMC1lY2FhLTExZTYtOGY4OC0zNDM2M2JjN2M0YzAiOnsiY3JlYXRlIjozMDAwMDAwMDAwMDAsImRlbGV0ZSI6MzAwMDAwMDAwMDAwLCJ1cGRhdGUiOjMwMDAwMDAwMDAwMH0sInNjaGVtYV92ZXJzaW9uIjoiMSJ9",
          "dependencies": [
            "yandex_vpc_network.wp-network",
            "yandex_vpc_subnet.subnet"
          ]
        },
        {
          "index_key": 1,
          "schema_version": 1,
          "attributes": {
            "allow_recreate": null,
            "allow_stopping_for_update": null,
            "boot_disk": [
              {
                "auto_delete": true,
                "device_name": "epduevo0073jmjmoam0g",
                "disk_id": "epduevo0073jmjmoam0g",
                "initialize_params": [
                  {
                    "block_size": 4096,
                    "description": "",
                    "image_id": "fd80viupr3qjr5g6g9du",
                    "kms_key_id": "",
                    "name": "",
                    "size": 3,
                    "snapshot_id": "",
                    "type": "network-hdd"
                  }
                ],
                "mode": "READ_WRITE"
              }
            ],
            "created_at": "2026-01-05T19:47:44Z",
            "description": "",
            "filesystem": [],
            "folder_id": "b1go6emkhl7hhriqqjeq",
            "fqdn": "epd27m70qtdfl3c2chj3.auto.internal",
            "gpu_cluster_id": "",
            "hardware_generation": [
              {
                "generation2_features": [],
                "legacy_features": [
                  {
                    "pci_topology": "PCI_TOPOLOGY_V1"
                  }
                ]
              }
            ],
            "hostname": "",
            "id": "epd27m70qtdfl3c2chj3",
            "labels": null,
            "local_disk": [],
            "maintenance_grace_period": "",
            "maintenance_policy": null,
            "metadata": {
              "ssh-keys": "ubuntu:ssh-rsa AAAAB3NzaC1yc2EAAAADAQABAAABAQCvWwhZXVwLykE/69VG59BSCJZIt92Q1QoyPbxx+WJoO9iXoGBo60ORyTtVU132TKJRPFMsfsqDDf0kRQzHP3H7uAxRbIvxVvDkNnGT0f/Guudubh61o++oc/WmrmOGtbr16gzFLEFCdcL7/M2QQmGcSdsjFdmV9cDBmZNo90bNaUZ2eksdsk7wUsKASJ9RL0rQaDwabDg/oGEhLingeZ7PBAsIvFRz1YkoalPia/evF8cv6Vh70KiuLWfaI+aFhhvb/KxMj7PClDJIwz2mnYOyG8JcVbRODKjIvILDJUCjKQSzN4twGmNP/J5T7fQhsZO4voWa7S/BHg9V0s7VU7gh",
              "user-data": "#cloud-config\npackages:\n  - nginx\n  - curl\nwrite_files:\n  - path: /var/www/html/index.html\n    content: |\n      \u003c!DOCTYPE html\u003e\n      \u003chtml\u003e\n      \u003chead\u003e\n        \u003ctitle\u003eWeb Server 2\u003c/title\u003e\n        \u003cstyle\u003e\n          body {\n            font-family: Arial, sans-serif;\n            background: linear-gradient(135deg, #667eea 0%, #764ba2 100%);\n            height: 100vh;\n            display: flex;\n            align-items: center;\n            justify-content: center;\n            color: white;\n            text-align: center;\n          }\n          .container {\n            background: rgba(255, 255, 255, 0.1);\n            padding: 40px;\n            border-radius: 20px;\n            backdrop-filter: blur(10px);\n          }\n          h1 {\n            font-size: 3em;\n            margin-bottom: 20px;\n          }\n          .info {\n            font-size: 1.2em;\n            margin: 10px 0;\n          }\n        \u003c/style\u003e\n      \u003c/head\u003e\n      \u003cbody\u003e\n        \u003cdiv class=\"container\"\u003e\n          \u003ch1\u003e Web Server 2\u003c/h1\u003e\n          \u003cdiv class=\"info\"\u003e Hostname: \u003c/div\u003e\n          \u003cdiv class=\"info\"\u003e Zone: ru-central1-b\u003c/div\u003e\n          \u003cdiv class=\"info\"\u003e Subnet: \u003c/div\u003e\n          \u003cdiv class=\"info\"\u003e Date: $(date)\u003c/div\u003e\n          \u003cdiv class=\"info\"\u003e Uptime: $(uptime -p)\u003c/div\u003e\n        \u003c/div\u003e\n      \u003c/body\u003e\n      \u003c/html\u003e\nruncmd:\n  - apt install mysql-client-core-5.7 -y\n  - systemctl enable nginx\n  - systemctl start nginx\n  - echo \"Server 2 ready!\" \u003e /var/www/server-info.txt\n"
            },
            "metadata_options": [
              {
                "aws_v1_http_endpoint": 1,
                "aws_v1_http_token": 2,
                "gce_http_endpoint": 1,
                "gce_http_token": 1
              }
            ],
            "name": "wp-app-2",
            "network_acceleration_type": "standard",
            "network_interface": [
              {
                "dns_record": [],
                "index": 0,
                "ip_address": "10.3.0.4",
                "ipv4": true,
                "ipv6": false,
                "ipv6_address": "",
                "ipv6_dns_record": [],
                "mac_address": "d0:0d:23:d8:e0:d7",
                "nat": true,
                "nat_dns_record": [],
                "nat_ip_address": "130.193.53.175",
                "nat_ip_version": "IPV4",
                "security_group_ids": null,
                "subnet_id": "e2llok8kc9j67isijf9n"
              }
            ],
            "placement_policy": [
              {
                "host_affinity_rules": [],
                "placement_group_id": "",
                "placement_group_partition": 0
              }
            ],
            "platform_id": "standard-v1",
            "resources": [
              {
                "core_fraction": 20,
                "cores": 2,
                "gpus": 0,
                "memory": 2
              }
            ],
            "scheduling_policy": [
              {
                "preemptible": false
              }
            ],
            "secondary_disk": [],
            "service_account_id": "",
            "status": "running",
            "timeouts": null,
            "zone": "ru-central1-b"
          },
          "sensitive_attributes": [],
          "identity_schema_version": 0,
          "private": "eyJlMmJmYjczMC1lY2FhLTExZTYtOGY4OC0zNDM2M2JjN2M0YzAiOnsiY3JlYXRlIjozMDAwMDAwMDAwMDAsImRlbGV0ZSI6MzAwMDAwMDAwMDAwLCJ1cGRhdGUiOjMwMDAwMDAwMDAwMH0sInNjaGVtYV92ZXJzaW9uIjoiMSJ9",
          "dependencies": [
            "yandex_vpc_network.wp-network",
            "yandex_vpc_subnet.subnet"
          ]
        }
      ]
    },
    {
      "mode": "managed",
      "type": "yandex_lb_network_load_balancer",
      "name": "wp_lb",
      "provider": "provider[\"registry.terraform.io/yandex-cloud/yandex\"]",
      "instances": [
        {
          "schema_version": 0,
          "attributes": {
            "allow_zonal_shift": false,
            "attached_target_group": [
              {
                "healthcheck": [
                  {
                    "healthy_threshold": 2,
                    "http_options": [
                      {
                        "path": "/",
                        "port": 80
                      }
                    ],
                    "interval": 2,
                    "name": "http",
                    "tcp_options": [],
                    "timeout": 1,
                    "unhealthy_threshold": 2
                  }
                ],
                "target_group_id": "enp4od08n91kd38b5qqt"
              }
            ],
            "created_at": "2026-01-05T19:48:30Z",
            "deletion_protection": false,
            "description": "",
            "folder_id": "b1go6emkhl7hhriqqjeq",
            "id": "enpoa9bb5c8lmcucq35g",
            "labels": null,
            "listener": [
              {
                "external_address_spec": [
                  {
                    "address": "158.160.177.250",
                    "ip_version": "ipv4"
                  }
                ],
                "internal_address_spec": [],
                "name": "wp-listener",
                "port": 80,
                "protocol": "tcp",
                "target_port": 80
              }
            ],
            "name": "wp-network-load-balancer",
            "region_id": "ru-central1",
            "timeouts": null,
            "type": "external"
          },
          "sensitive_attributes": [],
          "identity_schema_version": 0,
          "private": "eyJlMmJmYjczMC1lY2FhLTExZTYtOGY4OC0zNDM2M2JjN2M0YzAiOnsiY3JlYXRlIjozMDAwMDAwMDAwMDAsImRlbGV0ZSI6MzAwMDAwMDAwMDAwLCJ1cGRhdGUiOjMwMDAwMDAwMDAwMH19",
          "dependencies": [
            "yandex_compute_instance.wp-app",
            "yandex_lb_target_group.wp_tg",
            "yandex_vpc_network.wp-network",
            "yandex_vpc_subnet.subnet"
          ]
        }
      ]
    },
    {
      "mode": "managed",
      "type": "yandex_lb_target_group",
      "name": "wp_tg",
      "provider": "provider[\"registry.terraform.io/yandex-cloud/yandex\"]",
      "instances": [
        {
          "schema_version": 1,
          "attributes": {
            "created_at": "2026-01-05T19:48:28Z",
            "description": "",
            "folder_id": "b1go6emkhl7hhriqqjeq",
            "id": "enp4od08n91kd38b5qqt",
            "labels": null,
            "name": "wp-target-group",
            "region_id": "ru-central1",
            "target": [
              {
                "address": "10.2.0.11",
                "subnet_id": "e9b7iav3h9gau1qge9ol"
              },
              {
                "address": "10.3.0.4",
                "subnet_id": "e2llok8kc9j67isijf9n"
              }
            ],
            "target_group_id": "enp4od08n91kd38b5qqt",
            "timeouts": null
          },
          "sensitive_attributes": [],
          "identity_schema_version": 0,
          "dependencies": [
            "yandex_compute_instance.wp-app",
            "yandex_vpc_network.wp-network",
            "yandex_vpc_subnet.subnet"
          ]
        }
      ]
    },
    {
      "mode": "managed",
      "type": "yandex_mdb_mysql_cluster",
      "name": "wp_mysql",
      "provider": "provider[\"registry.terraform.io/yandex-cloud/yandex\"]",
      "instances": [
        {
          "schema_version": 0,
          "attributes": {
            "access": [
              {
                "data_lens": false,
                "data_transfer": false,
                "web_sql": false
              }
            ],
            "allow_regeneration_host": false,
            "backup_retain_period_days": 7,
            "backup_window_start": [
              {
                "hours": 0,
                "minutes": 0
              }
            ],
            "created_at": "2026-01-05T19:47:44Z",
            "database": [
              {
                "name": "db"
              }
            ],
            "deletion_protection": false,
            "description": "",
            "disk_encryption_key_id": null,
            "disk_size_autoscaling": [
              {
                "disk_size_limit": 0,
                "emergency_usage_threshold": 0,
                "planned_usage_threshold": 0
              }
            ],
            "environment": "PRODUCTION",
            "folder_id": "b1go6emkhl7hhriqqjeq",
            "health": "HEALTH_UNKNOWN",
            "host": [
              {
                "assign_public_ip": true,
                "backup_priority": 0,
                "fqdn": "rc1b-pftaikja5ug7l4n1.mdb.yandexcloud.net",
                "name": "",
                "priority": 0,
                "replication_source": "",
                "replication_source_name": "",
                "subnet_id": "e2llok8kc9j67isijf9n",
                "zone": "ru-central1-b"
              },
              {
                "assign_public_ip": true,
                "backup_priority": 0,
                "fqdn": "rc1d-tvpj9hhf47c923d3.mdb.yandexcloud.net",
                "name": "",
                "priority": 0,
                "replication_source": "",
                "replication_source_name": "",
                "subnet_id": "fl8p18gl37gsjdha5m7h",
                "zone": "ru-central1-d"
              }
            ],
            "host_group_ids": [],
            "id": "c9qhqrbb441ag1hbausd",
            "labels": null,
            "maintenance_window": [
              {
                "day": "",
                "hour": 0,
                "type": "ANYTIME"
              }
            ],
            "mysql_config": {
              "binlog_transaction_dependency_tracking": "0",
              "sql_mode": "ONLY_FULL_GROUP_BY,STRICT_TRANS_TABLES,NO_ZERO_IN_DATE,NO_ZERO_DATE,ERROR_FOR_DIVISION_BY_ZERO,NO_ENGINE_SUBSTITUTION"
            },
            "name": "wp-mysql",
            "network_id": "enpqf95nl3hms2dt40aa",
            "performance_diagnostics": [
              {
                "enabled": false,
                "sessions_sampling_interval": 60,
                "statements_sampling_interval": 600
              }
            ],
            "resources": [
              {
                "disk_size": 16,
                "disk_type_id": "network-ssd",
                "resource_preset_id": "s2.micro"
              }
            ],
            "restore": [],
            "security_group_ids": null,
            "status": "RUNNING",
            "timeouts": null,
            "user": [
              {
                "authentication_plugin": "MYSQL_NATIVE_PASSWORD",
                "connection_limits": [],
                "global_permissions": [],
                "name": "user",
                "password": "DBpassword",
                "permission": [
                  {
                    "database_name": "db",
                    "roles": [
                      "ALL"
                    ]
                  }
                ]
              }
            ],
            "version": "8.0"
          },
          "sensitive_attributes": [
            [
              {
                "type": "get_attr",
                "value": "user"
              },
              {
                "type": "index",
                "value": {
                  "value": 0,
                  "type": "number"
                }
              },
              {
                "type": "get_attr",
                "value": "password"
              }
            ]
          ],
          "identity_schema_version": 0,
          "private": "eyJlMmJmYjczMC1lY2FhLTExZTYtOGY4OC0zNDM2M2JjN2M0YzAiOnsiY3JlYXRlIjoxODAwMDAwMDAwMDAwLCJkZWxldGUiOjE4MDAwMDAwMDAwMDAsInVwZGF0ZSI6MzYwMDAwMDAwMDAwMH19",
          "dependencies": [
            "yandex_vpc_network.wp-network",
            "yandex_vpc_subnet.subnet"
          ]
        }
      ]
    },
    {
      "mode": "managed",
      "type": "yandex_vpc_network",
      "name": "wp-network",
      "provider": "provider[\"registry.terraform.io/yandex-cloud/yandex\"]",
      "instances": [
        {
          "schema_version": 0,
          "attributes": {
            "created_at": "2026-01-05T19:47:40Z",
            "default_security_group_id": "enp8rufm574jpvagddbr",
            "description": "",
            "folder_id": "b1go6emkhl7hhriqqjeq",
            "id": "enpqf95nl3hms2dt40aa",
            "labels": {},
            "name": "wp-network",
            "subnet_ids": [],
            "timeouts": null
          },
          "sensitive_attributes": [],
          "identity_schema_version": 0,
          "private": "eyJlMmJmYjczMC1lY2FhLTExZTYtOGY4OC0zNDM2M2JjN2M0YzAiOnsiY3JlYXRlIjo2MDAwMDAwMDAwMCwiZGVsZXRlIjo2MDAwMDAwMDAwMCwidXBkYXRlIjo2MDAwMDAwMDAwMH19"
        }
      ]
    },
    {
      "mode": "managed",
      "type": "yandex_vpc_subnet",
      "name": "subnet",
      "provider": "provider[\"registry.terraform.io/yandex-cloud/yandex\"]",
      "instances": [
        {
          "index_key": "ru-central1-a",
          "schema_version": 0,
          "attributes": {
            "created_at": "2026-01-05T19:47:43Z",
            "description": "",
            "dhcp_options": [],
            "folder_id": "b1go6emkhl7hhriqqjeq",
            "id": "e9b7iav3h9gau1qge9ol",
            "labels": {},
            "name": "ru-central1-a",
            "network_id": "enpqf95nl3hms2dt40aa",
            "route_table_id": "",
            "timeouts": null,
            "v4_cidr_blocks": [
              "10.2.0.0/16"
            ],
            "v6_cidr_blocks": [],
            "zone": "ru-central1-a"
          },
          "sensitive_attributes": [],
          "identity_schema_version": 0,
          "private": "eyJlMmJmYjczMC1lY2FhLTExZTYtOGY4OC0zNDM2M2JjN2M0YzAiOnsiY3JlYXRlIjoxODAwMDAwMDAwMDAsImRlbGV0ZSI6MTgwMDAwMDAwMDAwLCJ1cGRhdGUiOjE4MDAwMDAwMDAwMH19",
          "dependencies": [
            "yandex_vpc_network.wp-network"
          ]
        },
        {
          "index_key": "ru-central1-b",
          "schema_version": 0,
          "attributes": {
            "created_at": "2026-01-05T19:47:43Z",
            "description": "",
            "dhcp_options": [],
            "folder_id": "b1go6emkhl7hhriqqjeq",
            "id": "e2llok8kc9j67isijf9n",
            "labels": {},
            "name": "ru-central1-b",
            "network_id": "enpqf95nl3hms2dt40aa",
            "route_table_id": "",
            "timeouts": null,
            "v4_cidr_blocks": [
              "10.3.0.0/16"
            ],
            "v6_cidr_blocks": [],
            "zone": "ru-central1-b"
          },
          "sensitive_attributes": [],
          "identity_schema_version": 0,
          "private": "eyJlMmJmYjczMC1lY2FhLTExZTYtOGY4OC0zNDM2M2JjN2M0YzAiOnsiY3JlYXRlIjoxODAwMDAwMDAwMDAsImRlbGV0ZSI6MTgwMDAwMDAwMDAwLCJ1cGRhdGUiOjE4MDAwMDAwMDAwMH19",
          "dependencies": [
            "yandex_vpc_network.wp-network"
          ]
        },
        {
          "index_key": "ru-central1-d",
          "schema_version": 0,
          "attributes": {
            "created_at": "2026-01-05T19:47:43Z",
            "description": "",
            "dhcp_options": [],
            "folder_id": "b1go6emkhl7hhriqqjeq",
            "id": "fl8p18gl37gsjdha5m7h",
            "labels": {},
            "name": "ru-central1-d",
            "network_id": "enpqf95nl3hms2dt40aa",
            "route_table_id": "",
            "timeouts": null,
            "v4_cidr_blocks": [
              "10.4.0.0/16"
            ],
            "v6_cidr_blocks": [],
            "zone": "ru-central1-d"
          },
          "sensitive_attributes": [],
          "identity_schema_version": 0,
          "private": "eyJlMmJmYjczMC1lY2FhLTExZTYtOGY4OC0zNDM2M2JjN2M0YzAiOnsiY3JlYXRlIjoxODAwMDAwMDAwMDAsImRlbGV0ZSI6MTgwMDAwMDAwMDAwLCJ1cGRhdGUiOjE4MDAwMDAwMDAwMH19",
          "dependencies": [
            "yandex_vpc_network.wp-network"
          ]
        }
      ]
    }
  ],
  "check_results": null
}
